<?xml version="1.0" encoding="utf-8"?>
<Project ToolsVersion="4.0" xmlns="http://schemas.microsoft.com/developer/msbuild/2003">
  <ItemGroup>
    <Filter Include="Source Files">
      <UniqueIdentifier>{4FC737F1-C7A5-4376-A066-2A32D752A2FF}</UniqueIdentifier>
      <Extensions>cpp;c;cc;cxx;c++;cppm;ixx;def;odl;idl;hpj;bat;asm;asmx</Extensions>
    </Filter>
    <Filter Include="Header Files">
      <UniqueIdentifier>{93995380-89BD-4b04-88EB-625FBE52EBFB}</UniqueIdentifier>
      <Extensions>h;hh;hpp;hxx;h++;hm;inl;inc;ipp;xsd</Extensions>
    </Filter>
    <Filter Include="Resource Files">
      <UniqueIdentifier>{67DA6AB6-F800-4c08-8B7A-83BB121AAD01}</UniqueIdentifier>
      <Extensions>rc;ico;cur;bmp;dlg;rc2;rct;bin;rgs;gif;jpg;jpeg;jpe;resx;tiff;tif;png;wav;mfcribbon-ms</Extensions>
    </Filter>
    <Filter Include="Source Files\Colectie">
      <UniqueIdentifier>{03ad0130-f3ea-478f-a808-b732ec8424ef}</UniqueIdentifier>
    </Filter>
    <Filter Include="Source Files\IteratorColectie">
      <UniqueIdentifier>{a8a432cc-b901-4626-b908-c5d13e087e11}</UniqueIdentifier>
    </Filter>
    <Filter Include="Source Files\TestScurt">
      <UniqueIdentifier>{84239b84-3788-420d-9764-032f52619cbf}</UniqueIdentifier>
    </Filter>
    <Filter Include="Source Files\TestExtins">
      <UniqueIdentifier>{e7cfef60-0d52-41b7-a6e4-0ac26313dff9}</UniqueIdentifier>
    </Filter>
  </ItemGroup>
  <ItemGroup>
    <ClCompile Include="Lab1 SDA - Vector (tablou unidimensional) dinamic.cpp">
      <Filter>Source Files</Filter>
    </ClCompile>
    <ClCompile Include="Colectie.cpp">
      <Filter>Source Files\Colectie</Filter>
    </ClCompile>
    <ClCompile Include="IteratorColectie.cpp">
      <Filter>Source Files\IteratorColectie</Filter>
    </ClCompile>
    <ClCompile Include="TestScurt.cpp">
      <Filter>Source Files\TestScurt</Filter>
    </ClCompile>
    <ClCompile Include="TestExtins.cpp">
      <Filter>Source Files\TestExtins</Filter>
    </ClCompile>
  </ItemGroup>
  <ItemGroup>
    <ClInclude Include="Colectie.h">
      <Filter>Source Files\Colectie</Filter>
    </ClInclude>
    <ClInclude Include="IteratorColectie.h">
      <Filter>Source Files\IteratorColectie</Filter>
    </ClInclude>
    <ClInclude Include="TestScurt.h">
      <Filter>Source Files\TestScurt</Filter>
    </ClInclude>
    <ClInclude Include="TestExtins.h">
      <Filter>Source Files\TestExtins</Filter>
    </ClInclude>
  </ItemGroup>
</Project>