
Microsoft Visual Studio Solution File, Format Version 12.00
# Visual Studio Version 16
VisualStudioVersion = 16.0.31129.286
MinimumVisualStudioVersion = 10.0.40219.1
Project("{8BC9CEB8-8B4A-11D0-8D11-00A0C91BC942}") = "Lab6 SDA - Tabela de dispersie", "Lab6 SDA - Tabela de dispersie.vcxproj", "{0EAE5396-72D5-4B6D-A010-E31F457D0F52}"
EndProject
Global
	GlobalSection(SolutionConfigurationPlatforms) = preSolution
		Debug|x64 = Debug|x64
		Debug|x86 = Debug|x86
		Release|x64 = Release|x64
		Release|x86 = Release|x86
	EndGlobalSection
	GlobalSection(ProjectConfigurationPlatforms) = postSolution
		{0EAE5396-72D5-4B6D-A010-E31F457D0F52}.Debug|x64.ActiveCfg = Debug|x64
		{0EAE5396-72D5-4B6D-A010-E31F457D0F52}.Debug|x64.Build.0 = Debug|x64
		{0EAE5396-72D5-4B6D-A010-E31F457D0F52}.Debug|x86.ActiveCfg = Debug|Win32
		{0EAE5396-72D5-4B6D-A010-E31F457D0F52}.Debug|x86.Build.0 = Debug|Win32
		{0EAE5396-72D5-4B6D-A010-E31F457D0F52}.Release|x64.ActiveCfg = Release|x64
		{0EAE5396-72D5-4B6D-A010-E31F457D0F52}.Release|x64.Build.0 = Release|x64
		{0EAE5396-72D5-4B6D-A010-E31F457D0F52}.Release|x86.ActiveCfg = Release|Win32
		{0EAE5396-72D5-4B6D-A010-E31F457D0F52}.Release|x86.Build.0 = Release|Win32
	EndGlobalSection
	GlobalSection(SolutionProperties) = preSolution
		HideSolutionNode = FALSE
	EndGlobalSection
	GlobalSection(ExtensibilityGlobals) = postSolution
		SolutionGuid = {BF278E6E-3192-4EFE-BF49-F78084BBE2CB}
	EndGlobalSection
EndGlobal
