<?xml version="1.0" encoding="utf-8"?>
<Project ToolsVersion="4.0" xmlns="http://schemas.microsoft.com/developer/msbuild/2003">
  <ItemGroup>
    <Filter Include="Source Files">
      <UniqueIdentifier>{4FC737F1-C7A5-4376-A066-2A32D752A2FF}</UniqueIdentifier>
      <Extensions>cpp;c;cc;cxx;c++;cppm;ixx;def;odl;idl;hpj;bat;asm;asmx</Extensions>
    </Filter>
    <Filter Include="Header Files">
      <UniqueIdentifier>{93995380-89BD-4b04-88EB-625FBE52EBFB}</UniqueIdentifier>
      <Extensions>h;hh;hpp;hxx;h++;hm;inl;inc;ipp;xsd</Extensions>
    </Filter>
    <Filter Include="Resource Files">
      <UniqueIdentifier>{67DA6AB6-F800-4c08-8B7A-83BB121AAD01}</UniqueIdentifier>
      <Extensions>rc;ico;cur;bmp;dlg;rc2;rct;bin;rgs;gif;jpg;jpeg;jpe;resx;tiff;tif;png;wav;mfcribbon-ms</Extensions>
    </Filter>
    <Filter Include="Source Files\TestScurt">
      <UniqueIdentifier>{83d8e787-0e34-4a02-a062-e6ad41993e81}</UniqueIdentifier>
    </Filter>
    <Filter Include="Source Files\TestExtins">
      <UniqueIdentifier>{77c1c32e-2d98-4103-9f45-6b47f3db5ff2}</UniqueIdentifier>
    </Filter>
    <Filter Include="Source Files\Colectie">
      <UniqueIdentifier>{01fa47d0-65a5-481c-a4ce-0d8ff2dca604}</UniqueIdentifier>
    </Filter>
    <Filter Include="Source Files\IteratorColectie">
      <UniqueIdentifier>{497e09b8-fe0b-48f4-b777-2611219fb028}</UniqueIdentifier>
    </Filter>
  </ItemGroup>
  <ItemGroup>
    <ClCompile Include="Lab1 SDA - Vector (tablou unidimensional) dinamic (varianta 2).cpp">
      <Filter>Source Files</Filter>
    </ClCompile>
    <ClCompile Include="TestScurt.cpp">
      <Filter>Source Files\TestScurt</Filter>
    </ClCompile>
    <ClCompile Include="TestExtins.cpp">
      <Filter>Source Files\TestExtins</Filter>
    </ClCompile>
    <ClCompile Include="Colectie.cpp">
      <Filter>Source Files\Colectie</Filter>
    </ClCompile>
    <ClCompile Include="IteratorColectie.cpp">
      <Filter>Source Files\IteratorColectie</Filter>
    </ClCompile>
  </ItemGroup>
  <ItemGroup>
    <ClInclude Include="TestScurt.h">
      <Filter>Source Files\TestScurt</Filter>
    </ClInclude>
    <ClInclude Include="TestExtins.h">
      <Filter>Source Files\TestExtins</Filter>
    </ClInclude>
    <ClInclude Include="Colectie.h">
      <Filter>Source Files\Colectie</Filter>
    </ClInclude>
    <ClInclude Include="IteratorColectie.h">
      <Filter>Source Files\IteratorColectie</Filter>
    </ClInclude>
  </ItemGroup>
</Project>