<?xml version="1.0" encoding="utf-8"?>
<Project ToolsVersion="4.0" xmlns="http://schemas.microsoft.com/developer/msbuild/2003">
  <ItemGroup>
    <Filter Include="Source Files">
      <UniqueIdentifier>{4FC737F1-C7A5-4376-A066-2A32D752A2FF}</UniqueIdentifier>
      <Extensions>cpp;c;cc;cxx;c++;cppm;ixx;def;odl;idl;hpj;bat;asm;asmx</Extensions>
    </Filter>
    <Filter Include="Header Files">
      <UniqueIdentifier>{93995380-89BD-4b04-88EB-625FBE52EBFB}</UniqueIdentifier>
      <Extensions>h;hh;hpp;hxx;h++;hm;inl;inc;ipp;xsd</Extensions>
    </Filter>
    <Filter Include="Resource Files">
      <UniqueIdentifier>{67DA6AB6-F800-4c08-8B7A-83BB121AAD01}</UniqueIdentifier>
      <Extensions>rc;ico;cur;bmp;dlg;rc2;rct;bin;rgs;gif;jpg;jpeg;jpe;resx;tiff;tif;png;wav;mfcribbon-ms</Extensions>
    </Filter>
    <Filter Include="Source Files\Multime %28cu relatie%29">
      <UniqueIdentifier>{9cd6c150-d97c-4e0d-be8d-d353e4264b45}</UniqueIdentifier>
    </Filter>
    <Filter Include="Source Files\Teste %28cu relatie%29">
      <UniqueIdentifier>{b9388023-9106-4a09-a47f-9566ca5dd272}</UniqueIdentifier>
    </Filter>
    <Filter Include="Source Files\Teste %28cu relatie%29\TestScurt">
      <UniqueIdentifier>{d9c1fec1-c9f4-435e-8695-88ec1b680978}</UniqueIdentifier>
    </Filter>
    <Filter Include="Source Files\Teste %28cu relatie%29\TestExtins">
      <UniqueIdentifier>{31fcd59a-f6be-4a58-9f68-e617ef6e16cb}</UniqueIdentifier>
    </Filter>
    <Filter Include="Source Files\IteratorMultime">
      <UniqueIdentifier>{e472d798-26aa-4aee-a2b2-c32ae1a2c35b}</UniqueIdentifier>
    </Filter>
  </ItemGroup>
  <ItemGroup>
    <ClCompile Include="App.cpp">
      <Filter>Source Files</Filter>
    </ClCompile>
    <ClCompile Include="Multime.cpp">
      <Filter>Source Files\Multime %28cu relatie%29</Filter>
    </ClCompile>
    <ClCompile Include="IteratorMultime.cpp">
      <Filter>Source Files\IteratorMultime</Filter>
    </ClCompile>
    <ClCompile Include="TestExtins.cpp">
      <Filter>Source Files\Teste %28cu relatie%29\TestExtins</Filter>
    </ClCompile>
    <ClCompile Include="TestScurt.cpp">
      <Filter>Source Files\Teste %28cu relatie%29\TestScurt</Filter>
    </ClCompile>
  </ItemGroup>
  <ItemGroup>
    <ClInclude Include="Multime.h">
      <Filter>Source Files\Multime %28cu relatie%29</Filter>
    </ClInclude>
    <ClInclude Include="IteratorMultime.h">
      <Filter>Source Files\IteratorMultime</Filter>
    </ClInclude>
    <ClInclude Include="TestExtins.h">
      <Filter>Source Files\Teste %28cu relatie%29\TestExtins</Filter>
    </ClInclude>
    <ClInclude Include="TestScurt.h">
      <Filter>Source Files\Teste %28cu relatie%29\TestScurt</Filter>
    </ClInclude>
  </ItemGroup>
</Project>